
Microsoft Visual Studio Solution File, Format Version 12.00
# Visual Studio Version 17
VisualStudioVersion = 17.9.34728.123
MinimumVisualStudioVersion = 10.0.40219.1
Project("{FAE04EC0-301F-11D3-BF4B-00C04F79EFBC}") = "ServerClient", "ServerClient\ServerClient.csproj", "{BBA85526-9A41-47D0-8A69-8993FB6B4DFD}"
EndProject
Project("{FAE04EC0-301F-11D3-BF4B-00C04F79EFBC}") = "Client", "Client\Client.csproj", "{03A83C38-E8F4-4FB7-8167-F0CBAA558A2F}"
EndProject
Project("{FAE04EC0-301F-11D3-BF4B-00C04F79EFBC}") = "UdpServer", "UdpServer\UdpServer.csproj", "{31A27790-2696-4094-875E-B64B59BCBBEF}"
EndProject
Project("{FAE04EC0-301F-11D3-BF4B-00C04F79EFBC}") = "UdpClientRec", "UdpClientRec\UdpClientRec.csproj", "{A174AD67-AAD5-4B61-8536-D8D98A5ADB70}"
EndProject
Project("{FAE04EC0-301F-11D3-BF4B-00C04F79EFBC}") = "UDPREC2", "UDPREC2\UDPREC2.csproj", "{CAAC054D-6D41-4327-B5E8-12BA0042F6CF}"
EndProject
Global
	GlobalSection(SolutionConfigurationPlatforms) = preSolution
		Debug|Any CPU = Debug|Any CPU
		Release|Any CPU = Release|Any CPU
	EndGlobalSection
	GlobalSection(ProjectConfigurationPlatforms) = postSolution
		{BBA85526-9A41-47D0-8A69-8993FB6B4DFD}.Debug|Any CPU.ActiveCfg = Debug|Any CPU
		{BBA85526-9A41-47D0-8A69-8993FB6B4DFD}.Debug|Any CPU.Build.0 = Debug|Any CPU
		{BBA85526-9A41-47D0-8A69-8993FB6B4DFD}.Release|Any CPU.ActiveCfg = Release|Any CPU
		{BBA85526-9A41-47D0-8A69-8993FB6B4DFD}.Release|Any CPU.Build.0 = Release|Any CPU
		{03A83C38-E8F4-4FB7-8167-F0CBAA558A2F}.Debug|Any CPU.ActiveCfg = Debug|Any CPU
		{03A83C38-E8F4-4FB7-8167-F0CBAA558A2F}.Debug|Any CPU.Build.0 = Debug|Any CPU
		{03A83C38-E8F4-4FB7-8167-F0CBAA558A2F}.Release|Any CPU.ActiveCfg = Release|Any CPU
		{03A83C38-E8F4-4FB7-8167-F0CBAA558A2F}.Release|Any CPU.Build.0 = Release|Any CPU
		{31A27790-2696-4094-875E-B64B59BCBBEF}.Debug|Any CPU.ActiveCfg = Debug|Any CPU
		{31A27790-2696-4094-875E-B64B59BCBBEF}.Debug|Any CPU.Build.0 = Debug|Any CPU
		{31A27790-2696-4094-875E-B64B59BCBBEF}.Release|Any CPU.ActiveCfg = Release|Any CPU
		{31A27790-2696-4094-875E-B64B59BCBBEF}.Release|Any CPU.Build.0 = Release|Any CPU
		{A174AD67-AAD5-4B61-8536-D8D98A5ADB70}.Debug|Any CPU.ActiveCfg = Debug|Any CPU
		{A174AD67-AAD5-4B61-8536-D8D98A5ADB70}.Debug|Any CPU.Build.0 = Debug|Any CPU
		{A174AD67-AAD5-4B61-8536-D8D98A5ADB70}.Release|Any CPU.ActiveCfg = Release|Any CPU
		{A174AD67-AAD5-4B61-8536-D8D98A5ADB70}.Release|Any CPU.Build.0 = Release|Any CPU
		{CAAC054D-6D41-4327-B5E8-12BA0042F6CF}.Debug|Any CPU.ActiveCfg = Debug|Any CPU
		{CAAC054D-6D41-4327-B5E8-12BA0042F6CF}.Debug|Any CPU.Build.0 = Debug|Any CPU
		{CAAC054D-6D41-4327-B5E8-12BA0042F6CF}.Release|Any CPU.ActiveCfg = Release|Any CPU
		{CAAC054D-6D41-4327-B5E8-12BA0042F6CF}.Release|Any CPU.Build.0 = Release|Any CPU
	EndGlobalSection
	GlobalSection(SolutionProperties) = preSolution
		HideSolutionNode = FALSE
	EndGlobalSection
	GlobalSection(ExtensibilityGlobals) = postSolution
		SolutionGuid = {AABBE733-4A82-4423-A49F-53620EBE4699}
	EndGlobalSection
EndGlobal
